// !$*UTF8*$!
{
	archiveVersion = 1;
	classes = {
	};
	objectVersion = 55;
	objects = {

/* Begin PBXBuildFile section */
		4F465FE1278472830085F77D /* 206-reverse-linked-list.cpp in Sources */ = {isa = PBXBuildFile; fileRef = 4F465FDF278472830085F77D /* 206-reverse-linked-list.cpp */; };
		4F465FE427847A860085F77D /* 141-linked-list-cycle.cpp in Sources */ = {isa = PBXBuildFile; fileRef = 4F465FE227847A860085F77D /* 141-linked-list-cycle.cpp */; };
		4F465FE92785D9780085F77D /* 11-container-with-most-water.cpp in Sources */ = {isa = PBXBuildFile; fileRef = 4F465FE82785D9780085F77D /* 11-container-with-most-water.cpp */; };
		4F465FEB2785E0A80085F77D /* 153-find-minimum-in-rotated-sorted-array.cpp in Sources */ = {isa = PBXBuildFile; fileRef = 4F465FEA2785E0A80085F77D /* 153-find-minimum-in-rotated-sorted-array.cpp */; };
		4F465FED278746710085F77D /* 424-longest-repeating-character-replacement.cpp in Sources */ = {isa = PBXBuildFile; fileRef = 4F465FEC278746710085F77D /* 424-longest-repeating-character-replacement.cpp */; };
		4F465FEF2789EA150085F77D /* 3-longest-substring-without-repeating-characters.cpp in Sources */ = {isa = PBXBuildFile; fileRef = 4F465FEE2789EA150085F77D /* 3-longest-substring-without-repeating-characters.cpp */; };
		4F465FF32789F8160085F77D /* 200-number-of-islands.cpp in Sources */ = {isa = PBXBuildFile; fileRef = 4F465FF22789F8160085F77D /* 200-number-of-islands.cpp */; };
		4F465FF5278A9E460085F77D /* 76-minimum-window-substring.cpp in Sources */ = {isa = PBXBuildFile; fileRef = 4F465FF4278A9E460085F77D /* 76-minimum-window-substring.cpp */; };
		4F465FF8278AD0B60085F77D /* main.cpp in Sources */ = {isa = PBXBuildFile; fileRef = 4F465FF7278AD0B60085F77D /* main.cpp */; };
/* End PBXBuildFile section */

/* Begin PBXCopyFilesBuildPhase section */
		4F465FD32784547B0085F77D /* CopyFiles */ = {
			isa = PBXCopyFilesBuildPhase;
			buildActionMask = 2147483647;
			dstPath = /usr/share/man/man1/;
			dstSubfolderSpec = 0;
			files = (
			);
			runOnlyForDeploymentPostprocessing = 1;
		};
/* End PBXCopyFilesBuildPhase section */

/* Begin PBXFileReference section */
		4F465FD52784547B0085F77D /* DS-Algo-Solutions */ = {isa = PBXFileReference; explicitFileType = "compiled.mach-o.executable"; includeInIndex = 0; path = "DS-Algo-Solutions"; sourceTree = BUILT_PRODUCTS_DIR; };
		4F465FDF278472830085F77D /* 206-reverse-linked-list.cpp */ = {isa = PBXFileReference; lastKnownFileType = sourcecode.cpp.cpp; path = "206-reverse-linked-list.cpp"; sourceTree = "<group>"; };
		4F465FE227847A860085F77D /* 141-linked-list-cycle.cpp */ = {isa = PBXFileReference; lastKnownFileType = sourcecode.cpp.cpp; path = "141-linked-list-cycle.cpp"; sourceTree = "<group>"; };
		4F465FE82785D9780085F77D /* 11-container-with-most-water.cpp */ = {isa = PBXFileReference; lastKnownFileType = sourcecode.cpp.cpp; path = "11-container-with-most-water.cpp"; sourceTree = "<group>"; };
		4F465FEA2785E0A80085F77D /* 153-find-minimum-in-rotated-sorted-array.cpp */ = {isa = PBXFileReference; lastKnownFileType = sourcecode.cpp.cpp; path = "153-find-minimum-in-rotated-sorted-array.cpp"; sourceTree = "<group>"; };
		4F465FEC278746710085F77D /* 424-longest-repeating-character-replacement.cpp */ = {isa = PBXFileReference; lastKnownFileType = sourcecode.cpp.cpp; path = "424-longest-repeating-character-replacement.cpp"; sourceTree = "<group>"; };
		4F465FEE2789EA150085F77D /* 3-longest-substring-without-repeating-characters.cpp */ = {isa = PBXFileReference; lastKnownFileType = sourcecode.cpp.cpp; path = "3-longest-substring-without-repeating-characters.cpp"; sourceTree = "<group>"; };
		4F465FF22789F8160085F77D /* 200-number-of-islands.cpp */ = {isa = PBXFileReference; lastKnownFileType = sourcecode.cpp.cpp; path = "200-number-of-islands.cpp"; sourceTree = "<group>"; };
		4F465FF4278A9E460085F77D /* 76-minimum-window-substring.cpp */ = {isa = PBXFileReference; lastKnownFileType = sourcecode.cpp.cpp; path = "76-minimum-window-substring.cpp"; sourceTree = "<group>"; };
		4F465FF6278AD0930085F77D /* 76-minimum-window-substring.h */ = {isa = PBXFileReference; lastKnownFileType = sourcecode.c.h; path = "76-minimum-window-substring.h"; sourceTree = "<group>"; };
		4F465FF7278AD0B60085F77D /* main.cpp */ = {isa = PBXFileReference; lastKnownFileType = sourcecode.cpp.cpp; path = main.cpp; sourceTree = "<group>"; };
/* End PBXFileReference section */

/* Begin PBXFrameworksBuildPhase section */
		4F465FD22784547B0085F77D /* Frameworks */ = {
			isa = PBXFrameworksBuildPhase;
			buildActionMask = 2147483647;
			files = (
			);
			runOnlyForDeploymentPostprocessing = 0;
		};
/* End PBXFrameworksBuildPhase section */

/* Begin PBXGroup section */
		4F465FCC2784547B0085F77D = {
			isa = PBXGroup;
			children = (
				4F465FD72784547B0085F77D /* DS-Algo-Solutions */,
				4F465FD62784547B0085F77D /* Products */,
			);
			sourceTree = "<group>";
		};
		4F465FD62784547B0085F77D /* Products */ = {
			isa = PBXGroup;
			children = (
				4F465FD52784547B0085F77D /* DS-Algo-Solutions */,
			);
			name = Products;
			sourceTree = "<group>";
		};
		4F465FD72784547B0085F77D /* DS-Algo-Solutions */ = {
			isa = PBXGroup;
			children = (
				4F465FE72785D62C0085F77D /* Week1 */,
			);
			path = "DS-Algo-Solutions";
			sourceTree = "<group>";
		};
		4F465FE72785D62C0085F77D /* Week1 */ = {
			isa = PBXGroup;
			children = (
				4F465FE227847A860085F77D /* 141-linked-list-cycle.cpp */,
				4F465FDF278472830085F77D /* 206-reverse-linked-list.cpp */,
				4F465FE82785D9780085F77D /* 11-container-with-most-water.cpp */,
				4F465FF22789F8160085F77D /* 200-number-of-islands.cpp */,
				4F465FF4278A9E460085F77D /* 76-minimum-window-substring.cpp */,
				4F465FF7278AD0B60085F77D /* main.cpp */,
				4F465FF6278AD0930085F77D /* 76-minimum-window-substring.h */,
				4F465FEE2789EA150085F77D /* 3-longest-substring-without-repeating-characters.cpp */,
				4F465FEC278746710085F77D /* 424-longest-repeating-character-replacement.cpp */,
				4F465FEA2785E0A80085F77D /* 153-find-minimum-in-rotated-sorted-array.cpp */,
			);
			path = Week1;
			sourceTree = "<group>";
		};
/* End PBXGroup section */

/* Begin PBXNativeTarget section */
		4F465FD42784547B0085F77D /* DS-Algo-Solutions */ = {
			isa = PBXNativeTarget;
			buildConfigurationList = 4F465FDC2784547B0085F77D /* Build configuration list for PBXNativeTarget "DS-Algo-Solutions" */;
			buildPhases = (
				4F465FD12784547B0085F77D /* Sources */,
				4F465FD22784547B0085F77D /* Frameworks */,
				4F465FD32784547B0085F77D /* CopyFiles */,
			);
			buildRules = (
			);
			dependencies = (
			);
			name = "DS-Algo-Solutions";
			productName = "DS-Algo-Solutions";
			productReference = 4F465FD52784547B0085F77D /* DS-Algo-Solutions */;
			productType = "com.apple.product-type.tool";
		};
/* End PBXNativeTarget section */

/* Begin PBXProject section */
		4F465FCD2784547B0085F77D /* Project object */ = {
			isa = PBXProject;
			attributes = {
				BuildIndependentTargetsInParallel = 1;
				LastUpgradeCheck = 1310;
				TargetAttributes = {
					4F465FD42784547B0085F77D = {
						CreatedOnToolsVersion = 13.1;
					};
				};
			};
			buildConfigurationList = 4F465FD02784547B0085F77D /* Build configuration list for PBXProject "DS-Algo-Solutions" */;
			compatibilityVersion = "Xcode 13.0";
			developmentRegion = en;
			hasScannedForEncodings = 0;
			knownRegions = (
				en,
				Base,
			);
			mainGroup = 4F465FCC2784547B0085F77D;
			productRefGroup = 4F465FD62784547B0085F77D /* Products */;
			projectDirPath = "";
			projectRoot = "";
			targets = (
				4F465FD42784547B0085F77D /* DS-Algo-Solutions */,
			);
		};
/* End PBXProject section */

/* Begin PBXSourcesBuildPhase section */
		4F465FD12784547B0085F77D /* Sources */ = {
			isa = PBXSourcesBuildPhase;
			buildActionMask = 2147483647;
			files = (
				4F465FE92785D9780085F77D /* 11-container-with-most-water.cpp in Sources */,
				4F465FF5278A9E460085F77D /* 76-minimum-window-substring.cpp in Sources */,
				4F465FF8278AD0B60085F77D /* main.cpp in Sources */,
				4F465FED278746710085F77D /* 424-longest-repeating-character-replacement.cpp in Sources */,
				4F465FE1278472830085F77D /* 206-reverse-linked-list.cpp in Sources */,
				4F465FE427847A860085F77D /* 141-linked-list-cycle.cpp in Sources */,
				4F465FEB2785E0A80085F77D /* 153-find-minimum-in-rotated-sorted-array.cpp in Sources */,
				4F465FEF2789EA150085F77D /* 3-longest-substring-without-repeating-characters.cpp in Sources */,
				4F465FF32789F8160085F77D /* 200-number-of-islands.cpp in Sources */,
			);
			runOnlyForDeploymentPostprocessing = 0;
		};
/* End PBXSourcesBuildPhase section */

/* Begin XCBuildConfiguration section */
		4F465FDA2784547B0085F77D /* Debug */ = {
			isa = XCBuildConfiguration;
			buildSettings = {
				ALWAYS_SEARCH_USER_PATHS = NO;
				CLANG_ANALYZER_NONNULL = YES;
				CLANG_ANALYZER_NUMBER_OBJECT_CONVERSION = YES_AGGRESSIVE;
				CLANG_CXX_LANGUAGE_STANDARD = "gnu++17";
				CLANG_CXX_LIBRARY = "libc++";
				CLANG_ENABLE_MODULES = YES;
				CLANG_ENABLE_OBJC_ARC = YES;
				CLANG_ENABLE_OBJC_WEAK = YES;
				CLANG_WARN_BLOCK_CAPTURE_AUTORELEASING = YES;
				CLANG_WARN_BOOL_CONVERSION = YES;
				CLANG_WARN_COMMA = YES;
				CLANG_WARN_CONSTANT_CONVERSION = YES;
				CLANG_WARN_DEPRECATED_OBJC_IMPLEMENTATIONS = YES;
				CLANG_WARN_DIRECT_OBJC_ISA_USAGE = YES_ERROR;
				CLANG_WARN_DOCUMENTATION_COMMENTS = YES;
				CLANG_WARN_EMPTY_BODY = YES;
				CLANG_WARN_ENUM_CONVERSION = YES;
				CLANG_WARN_INFINITE_RECURSION = YES;
				CLANG_WARN_INT_CONVERSION = YES;
				CLANG_WARN_NON_LITERAL_NULL_CONVERSION = YES;
				CLANG_WARN_OBJC_IMPLICIT_RETAIN_SELF = YES;
				CLANG_WARN_OBJC_LITERAL_CONVERSION = YES;
				CLANG_WARN_OBJC_ROOT_CLASS = YES_ERROR;
				CLANG_WARN_QUOTED_INCLUDE_IN_FRAMEWORK_HEADER = YES;
				CLANG_WARN_RANGE_LOOP_ANALYSIS = YES;
				CLANG_WARN_STRICT_PROTOTYPES = YES;
				CLANG_WARN_SUSPICIOUS_MOVE = YES;
				CLANG_WARN_UNGUARDED_AVAILABILITY = YES_AGGRESSIVE;
				CLANG_WARN_UNREACHABLE_CODE = YES;
				CLANG_WARN__DUPLICATE_METHOD_MATCH = YES;
				COPY_PHASE_STRIP = NO;
				DEBUG_INFORMATION_FORMAT = dwarf;
				ENABLE_STRICT_OBJC_MSGSEND = YES;
				ENABLE_TESTABILITY = YES;
				GCC_C_LANGUAGE_STANDARD = gnu11;
				GCC_DYNAMIC_NO_PIC = NO;
				GCC_NO_COMMON_BLOCKS = YES;
				GCC_OPTIMIZATION_LEVEL = 0;
				GCC_PREPROCESSOR_DEFINITIONS = (
					"DEBUG=1",
					"$(inherited)",
				);
				GCC_WARN_64_TO_32_BIT_CONVERSION = YES;
				GCC_WARN_ABOUT_RETURN_TYPE = YES_ERROR;
				GCC_WARN_UNDECLARED_SELECTOR = YES;
				GCC_WARN_UNINITIALIZED_AUTOS = YES_AGGRESSIVE;
				GCC_WARN_UNUSED_FUNCTION = YES;
				GCC_WARN_UNUSED_VARIABLE = YES;
				MACOSX_DEPLOYMENT_TARGET = 11.6;
				MTL_ENABLE_DEBUG_INFO = INCLUDE_SOURCE;
				MTL_FAST_MATH = YES;
				ONLY_ACTIVE_ARCH = YES;
				SDKROOT = macosx;
			};
			name = Debug;
		};
		4F465FDB2784547B0085F77D /* Release */ = {
			isa = XCBuildConfiguration;
			buildSettings = {
				ALWAYS_SEARCH_USER_PATHS = NO;
				CLANG_ANALYZER_NONNULL = YES;
				CLANG_ANALYZER_NUMBER_OBJECT_CONVERSION = YES_AGGRESSIVE;
				CLANG_CXX_LANGUAGE_STANDARD = "gnu++17";
				CLANG_CXX_LIBRARY = "libc++";
				CLANG_ENABLE_MODULES = YES;
				CLANG_ENABLE_OBJC_ARC = YES;
				CLANG_ENABLE_OBJC_WEAK = YES;
				CLANG_WARN_BLOCK_CAPTURE_AUTORELEASING = YES;
				CLANG_WARN_BOOL_CONVERSION = YES;
				CLANG_WARN_COMMA = YES;
				CLANG_WARN_CONSTANT_CONVERSION = YES;
				CLANG_WARN_DEPRECATED_OBJC_IMPLEMENTATIONS = YES;
				CLANG_WARN_DIRECT_OBJC_ISA_USAGE = YES_ERROR;
				CLANG_WARN_DOCUMENTATION_COMMENTS = YES;
				CLANG_WARN_EMPTY_BODY = YES;
				CLANG_WARN_ENUM_CONVERSION = YES;
				CLANG_WARN_INFINITE_RECURSION = YES;
				CLANG_WARN_INT_CONVERSION = YES;
				CLANG_WARN_NON_LITERAL_NULL_CONVERSION = YES;
				CLANG_WARN_OBJC_IMPLICIT_RETAIN_SELF = YES;
				CLANG_WARN_OBJC_LITERAL_CONVERSION = YES;
				CLANG_WARN_OBJC_ROOT_CLASS = YES_ERROR;
				CLANG_WARN_QUOTED_INCLUDE_IN_FRAMEWORK_HEADER = YES;
				CLANG_WARN_RANGE_LOOP_ANALYSIS = YES;
				CLANG_WARN_STRICT_PROTOTYPES = YES;
				CLANG_WARN_SUSPICIOUS_MOVE = YES;
				CLANG_WARN_UNGUARDED_AVAILABILITY = YES_AGGRESSIVE;
				CLANG_WARN_UNREACHABLE_CODE = YES;
				CLANG_WARN__DUPLICATE_METHOD_MATCH = YES;
				COPY_PHASE_STRIP = NO;
				DEBUG_INFORMATION_FORMAT = "dwarf-with-dsym";
				ENABLE_NS_ASSERTIONS = NO;
				ENABLE_STRICT_OBJC_MSGSEND = YES;
				GCC_C_LANGUAGE_STANDARD = gnu11;
				GCC_NO_COMMON_BLOCKS = YES;
				GCC_WARN_64_TO_32_BIT_CONVERSION = YES;
				GCC_WARN_ABOUT_RETURN_TYPE = YES_ERROR;
				GCC_WARN_UNDECLARED_SELECTOR = YES;
				GCC_WARN_UNINITIALIZED_AUTOS = YES_AGGRESSIVE;
				GCC_WARN_UNUSED_FUNCTION = YES;
				GCC_WARN_UNUSED_VARIABLE = YES;
				MACOSX_DEPLOYMENT_TARGET = 11.6;
				MTL_ENABLE_DEBUG_INFO = NO;
				MTL_FAST_MATH = YES;
				SDKROOT = macosx;
			};
			name = Release;
		};
		4F465FDD2784547B0085F77D /* Debug */ = {
			isa = XCBuildConfiguration;
			buildSettings = {
				CODE_SIGN_STYLE = Automatic;
				PRODUCT_NAME = "$(TARGET_NAME)";
			};
			name = Debug;
		};
		4F465FDE2784547B0085F77D /* Release */ = {
			isa = XCBuildConfiguration;
			buildSettings = {
				CODE_SIGN_STYLE = Automatic;
				PRODUCT_NAME = "$(TARGET_NAME)";
			};
			name = Release;
		};
/* End XCBuildConfiguration section */

/* Begin XCConfigurationList section */
		4F465FD02784547B0085F77D /* Build configuration list for PBXProject "DS-Algo-Solutions" */ = {
			isa = XCConfigurationList;
			buildConfigurations = (
				4F465FDA2784547B0085F77D /* Debug */,
				4F465FDB2784547B0085F77D /* Release */,
			);
			defaultConfigurationIsVisible = 0;
			defaultConfigurationName = Release;
		};
		4F465FDC2784547B0085F77D /* Build configuration list for PBXNativeTarget "DS-Algo-Solutions" */ = {
			isa = XCConfigurationList;
			buildConfigurations = (
				4F465FDD2784547B0085F77D /* Debug */,
				4F465FDE2784547B0085F77D /* Release */,
			);
			defaultConfigurationIsVisible = 0;
			defaultConfigurationName = Release;
		};
/* End XCConfigurationList section */
	};
	rootObject = 4F465FCD2784547B0085F77D /* Project object */;
}
